
Microsoft Visual Studio Solution File, Format Version 12.00
# Visual Studio 14
VisualStudioVersion = 14.0.25420.1
MinimumVisualStudioVersion = 10.0.40219.1
Project("{2150E333-8FDC-42A3-9474-1A3956D46DE8}") = "src", "src", "{29084439-209F-45BF-BEA0-DC2A031FEA35}"
EndProject
Project("{2150E333-8FDC-42A3-9474-1A3956D46DE8}") = "Solution Items", "Solution Items", "{39423CBE-4C4D-4886-AEF5-06C6705CAA27}"
	ProjectSection(SolutionItems) = preProject
		global.json = global.json
	EndProjectSection
EndProject
Project("{8BB2217D-0F2D-49D1-97BC-3654ED321F3B}") = "Snek-WebApp", "src\Snek-WebApp\Snek-WebApp.xproj", "{41703AAB-75A5-4930-A553-136303C10662}"
EndProject
Global
	GlobalSection(SolutionConfigurationPlatforms) = preSolution
		Debug|Any CPU = Debug|Any CPU
		Release|Any CPU = Release|Any CPU
	EndGlobalSection
	GlobalSection(ProjectConfigurationPlatforms) = postSolution
		{41703AAB-75A5-4930-A553-136303C10662}.Debug|Any CPU.ActiveCfg = Debug|Any CPU
		{41703AAB-75A5-4930-A553-136303C10662}.Debug|Any CPU.Build.0 = Debug|Any CPU
		{41703AAB-75A5-4930-A553-136303C10662}.Release|Any CPU.ActiveCfg = Release|Any CPU
		{41703AAB-75A5-4930-A553-136303C10662}.Release|Any CPU.Build.0 = Release|Any CPU
	EndGlobalSection
	GlobalSection(SolutionProperties) = preSolution
		HideSolutionNode = FALSE
	EndGlobalSection
	GlobalSection(NestedProjects) = preSolution
		{41703AAB-75A5-4930-A553-136303C10662} = {29084439-209F-45BF-BEA0-DC2A031FEA35}
	EndGlobalSection
EndGlobal
